
Microsoft Visual Studio Solution File, Format Version 12.00
# Visual Studio Version 17
VisualStudioVersion = 17.0.31903.59
MinimumVisualStudioVersion = 10.0.40219.1
Project("{2150E333-8FDC-42A3-9474-1A3956D46DE8}") = "src", "src", "{827E0CD3-B72D-47B6-A68D-7590B98EB39B}"
EndProject
Project("{2150E333-8FDC-42A3-9474-1A3956D46DE8}") = "tests", "tests", "{B8C1A2D4-5E6F-4789-A012-3456789ABCDE}"
EndProject
Project("{FAE04EC0-301F-11D3-BF4B-00C04F79EFBC}") = "ARC.Domain", "src\ARC.Domain\ARC.Domain.csproj", "{6601CAE5-7434-4D9B-BB14-2F9597D2461A}"
EndProject
Project("{FAE04EC0-301F-11D3-BF4B-00C04F79EFBC}") = "ARC.Data", "src\ARC.Data\ARC.Data.csproj", "{4082C8E0-A610-4B83-AB35-9487DEDB3EF6}"
EndProject
Project("{FAE04EC0-301F-11D3-BF4B-00C04F79EFBC}") = "ARC.Knowledge", "src\ARC.Knowledge\ARC.Knowledge.csproj", "{B5CD72EC-1544-401C-8BAA-1CC179940565}"
EndProject
Project("{FAE04EC0-301F-11D3-BF4B-00C04F79EFBC}") = "ARC.Tools", "src\ARC.Tools\ARC.Tools.csproj", "{19D61E3F-127A-48AE-AF56-17FF4151CEFC}"
EndProject
Project("{FAE04EC0-301F-11D3-BF4B-00C04F79EFBC}") = "ARC.Agents", "src\ARC.Agents\ARC.Agents.csproj", "{5878D8E3-D880-4C38-9DD5-53C5E34A05AF}"
EndProject
Project("{FAE04EC0-301F-11D3-BF4B-00C04F79EFBC}") = "ARC.Host.Functions", "src\ARC.Host.Functions\ARC.Host.Functions.csproj", "{D050B798-3D91-4150-AC6B-980F839A265E}"
EndProject
Project("{FAE04EC0-301F-11D3-BF4B-00C04F79EFBC}") = "ARC.Api", "src\ARC.Api\ARC.Api.csproj", "{0CC3B59B-526F-460B-ACDB-646D090A7AA6}"
EndProject
Project("{FAE04EC0-301F-11D3-BF4B-00C04F79EFBC}") = "ARC.Cli", "src\ARC.Cli\ARC.Cli.csproj", "{FB32AC05-8F11-4125-A111-CEAFD4312DD0}"
EndProject
Project("{FAE04EC0-301F-11D3-BF4B-00C04F79EFBC}") = "ARC.Domain.Tests", "tests\ARC.Domain.Tests\ARC.Domain.Tests.csproj", "{E471F96E-8386-4044-9A0E-C5FB03697FBE}"
EndProject
Project("{FAE04EC0-301F-11D3-BF4B-00C04F79EFBC}") = "ARC.Agents.Tests", "tests\ARC.Agents.Tests\ARC.Agents.Tests.csproj", "{9C3BBE8B-770C-45CB-AF7D-14CC9246552A}"
EndProject
Project("{FAE04EC0-301F-11D3-BF4B-00C04F79EFBC}") = "ARC.Eval", "tests\ARC.Eval\ARC.Eval.csproj", "{43166E5A-894A-45FB-AC3D-E7F5B76C596B}"
EndProject
Project("{FAE04EC0-301F-11D3-BF4B-00C04F79EFBC}") = "ARC.Integration.Tests", "tests\ARC.Integration.Tests\ARC.Integration.Tests.csproj", "{F54288E9-29D8-4E04-8D5A-71F781CCC3AE}"
EndProject
Global
	GlobalSection(SolutionConfigurationPlatforms) = preSolution
		Debug|Any CPU = Debug|Any CPU
		Debug|x64 = Debug|x64
		Debug|x86 = Debug|x86
		Release|Any CPU = Release|Any CPU
		Release|x64 = Release|x64
		Release|x86 = Release|x86
	EndGlobalSection
	GlobalSection(ProjectConfigurationPlatforms) = postSolution
		{6601CAE5-7434-4D9B-BB14-2F9597D2461A}.Debug|Any CPU.ActiveCfg = Debug|Any CPU
		{6601CAE5-7434-4D9B-BB14-2F9597D2461A}.Debug|Any CPU.Build.0 = Debug|Any CPU
		{6601CAE5-7434-4D9B-BB14-2F9597D2461A}.Debug|x64.ActiveCfg = Debug|Any CPU
		{6601CAE5-7434-4D9B-BB14-2F9597D2461A}.Debug|x64.Build.0 = Debug|Any CPU
		{6601CAE5-7434-4D9B-BB14-2F9597D2461A}.Debug|x86.ActiveCfg = Debug|Any CPU
		{6601CAE5-7434-4D9B-BB14-2F9597D2461A}.Debug|x86.Build.0 = Debug|Any CPU
		{6601CAE5-7434-4D9B-BB14-2F9597D2461A}.Release|Any CPU.ActiveCfg = Release|Any CPU
		{6601CAE5-7434-4D9B-BB14-2F9597D2461A}.Release|Any CPU.Build.0 = Release|Any CPU
		{6601CAE5-7434-4D9B-BB14-2F9597D2461A}.Release|x64.ActiveCfg = Release|Any CPU
		{6601CAE5-7434-4D9B-BB14-2F9597D2461A}.Release|x64.Build.0 = Release|Any CPU
		{6601CAE5-7434-4D9B-BB14-2F9597D2461A}.Release|x86.ActiveCfg = Release|Any CPU
		{6601CAE5-7434-4D9B-BB14-2F9597D2461A}.Release|x86.Build.0 = Release|Any CPU
		{4082C8E0-A610-4B83-AB35-9487DEDB3EF6}.Debug|Any CPU.ActiveCfg = Debug|Any CPU
		{4082C8E0-A610-4B83-AB35-9487DEDB3EF6}.Debug|Any CPU.Build.0 = Debug|Any CPU
		{4082C8E0-A610-4B83-AB35-9487DEDB3EF6}.Debug|x64.ActiveCfg = Debug|Any CPU
		{4082C8E0-A610-4B83-AB35-9487DEDB3EF6}.Debug|x64.Build.0 = Debug|Any CPU
		{4082C8E0-A610-4B83-AB35-9487DEDB3EF6}.Debug|x86.ActiveCfg = Debug|Any CPU
		{4082C8E0-A610-4B83-AB35-9487DEDB3EF6}.Debug|x86.Build.0 = Debug|Any CPU
		{4082C8E0-A610-4B83-AB35-9487DEDB3EF6}.Release|Any CPU.ActiveCfg = Release|Any CPU
		{4082C8E0-A610-4B83-AB35-9487DEDB3EF6}.Release|Any CPU.Build.0 = Release|Any CPU
		{4082C8E0-A610-4B83-AB35-9487DEDB3EF6}.Release|x64.ActiveCfg = Release|Any CPU
		{4082C8E0-A610-4B83-AB35-9487DEDB3EF6}.Release|x64.Build.0 = Release|Any CPU
		{4082C8E0-A610-4B83-AB35-9487DEDB3EF6}.Release|x86.ActiveCfg = Release|Any CPU
		{4082C8E0-A610-4B83-AB35-9487DEDB3EF6}.Release|x86.Build.0 = Release|Any CPU
		{B5CD72EC-1544-401C-8BAA-1CC179940565}.Debug|Any CPU.ActiveCfg = Debug|Any CPU
		{B5CD72EC-1544-401C-8BAA-1CC179940565}.Debug|Any CPU.Build.0 = Debug|Any CPU
		{B5CD72EC-1544-401C-8BAA-1CC179940565}.Debug|x64.ActiveCfg = Debug|Any CPU
		{B5CD72EC-1544-401C-8BAA-1CC179940565}.Debug|x64.Build.0 = Debug|Any CPU
		{B5CD72EC-1544-401C-8BAA-1CC179940565}.Debug|x86.ActiveCfg = Debug|Any CPU
		{B5CD72EC-1544-401C-8BAA-1CC179940565}.Debug|x86.Build.0 = Debug|Any CPU
		{B5CD72EC-1544-401C-8BAA-1CC179940565}.Release|Any CPU.ActiveCfg = Release|Any CPU
		{B5CD72EC-1544-401C-8BAA-1CC179940565}.Release|Any CPU.Build.0 = Release|Any CPU
		{B5CD72EC-1544-401C-8BAA-1CC179940565}.Release|x64.ActiveCfg = Release|Any CPU
		{B5CD72EC-1544-401C-8BAA-1CC179940565}.Release|x64.Build.0 = Release|Any CPU
		{B5CD72EC-1544-401C-8BAA-1CC179940565}.Release|x86.ActiveCfg = Release|Any CPU
		{B5CD72EC-1544-401C-8BAA-1CC179940565}.Release|x86.Build.0 = Release|Any CPU
		{19D61E3F-127A-48AE-AF56-17FF4151CEFC}.Debug|Any CPU.ActiveCfg = Debug|Any CPU
		{19D61E3F-127A-48AE-AF56-17FF4151CEFC}.Debug|Any CPU.Build.0 = Debug|Any CPU
		{19D61E3F-127A-48AE-AF56-17FF4151CEFC}.Debug|x64.ActiveCfg = Debug|Any CPU
		{19D61E3F-127A-48AE-AF56-17FF4151CEFC}.Debug|x64.Build.0 = Debug|Any CPU
		{19D61E3F-127A-48AE-AF56-17FF4151CEFC}.Debug|x86.ActiveCfg = Debug|Any CPU
		{19D61E3F-127A-48AE-AF56-17FF4151CEFC}.Debug|x86.Build.0 = Debug|Any CPU
		{19D61E3F-127A-48AE-AF56-17FF4151CEFC}.Release|Any CPU.ActiveCfg = Release|Any CPU
		{19D61E3F-127A-48AE-AF56-17FF4151CEFC}.Release|Any CPU.Build.0 = Release|Any CPU
		{19D61E3F-127A-48AE-AF56-17FF4151CEFC}.Release|x64.ActiveCfg = Release|Any CPU
		{19D61E3F-127A-48AE-AF56-17FF4151CEFC}.Release|x64.Build.0 = Release|Any CPU
		{19D61E3F-127A-48AE-AF56-17FF4151CEFC}.Release|x86.ActiveCfg = Release|Any CPU
		{19D61E3F-127A-48AE-AF56-17FF4151CEFC}.Release|x86.Build.0 = Release|Any CPU
		{5878D8E3-D880-4C38-9DD5-53C5E34A05AF}.Debug|Any CPU.ActiveCfg = Debug|Any CPU
		{5878D8E3-D880-4C38-9DD5-53C5E34A05AF}.Debug|Any CPU.Build.0 = Debug|Any CPU
		{5878D8E3-D880-4C38-9DD5-53C5E34A05AF}.Debug|x64.ActiveCfg = Debug|Any CPU
		{5878D8E3-D880-4C38-9DD5-53C5E34A05AF}.Debug|x64.Build.0 = Debug|Any CPU
		{5878D8E3-D880-4C38-9DD5-53C5E34A05AF}.Debug|x86.ActiveCfg = Debug|Any CPU
		{5878D8E3-D880-4C38-9DD5-53C5E34A05AF}.Debug|x86.Build.0 = Debug|Any CPU
		{5878D8E3-D880-4C38-9DD5-53C5E34A05AF}.Release|Any CPU.ActiveCfg = Release|Any CPU
		{5878D8E3-D880-4C38-9DD5-53C5E34A05AF}.Release|Any CPU.Build.0 = Release|Any CPU
		{5878D8E3-D880-4C38-9DD5-53C5E34A05AF}.Release|x64.ActiveCfg = Release|Any CPU
		{5878D8E3-D880-4C38-9DD5-53C5E34A05AF}.Release|x64.Build.0 = Release|Any CPU
		{5878D8E3-D880-4C38-9DD5-53C5E34A05AF}.Release|x86.ActiveCfg = Release|Any CPU
		{5878D8E3-D880-4C38-9DD5-53C5E34A05AF}.Release|x86.Build.0 = Release|Any CPU
		{D050B798-3D91-4150-AC6B-980F839A265E}.Debug|Any CPU.ActiveCfg = Debug|Any CPU
		{D050B798-3D91-4150-AC6B-980F839A265E}.Debug|Any CPU.Build.0 = Debug|Any CPU
		{D050B798-3D91-4150-AC6B-980F839A265E}.Debug|x64.ActiveCfg = Debug|Any CPU
		{D050B798-3D91-4150-AC6B-980F839A265E}.Debug|x64.Build.0 = Debug|Any CPU
		{D050B798-3D91-4150-AC6B-980F839A265E}.Debug|x86.ActiveCfg = Debug|Any CPU
		{D050B798-3D91-4150-AC6B-980F839A265E}.Debug|x86.Build.0 = Debug|Any CPU
		{D050B798-3D91-4150-AC6B-980F839A265E}.Release|Any CPU.ActiveCfg = Release|Any CPU
		{D050B798-3D91-4150-AC6B-980F839A265E}.Release|Any CPU.Build.0 = Release|Any CPU
		{D050B798-3D91-4150-AC6B-980F839A265E}.Release|x64.ActiveCfg = Release|Any CPU
		{D050B798-3D91-4150-AC6B-980F839A265E}.Release|x64.Build.0 = Release|Any CPU
		{D050B798-3D91-4150-AC6B-980F839A265E}.Release|x86.ActiveCfg = Release|Any CPU
		{D050B798-3D91-4150-AC6B-980F839A265E}.Release|x86.Build.0 = Release|Any CPU
		{0CC3B59B-526F-460B-ACDB-646D090A7AA6}.Debug|Any CPU.ActiveCfg = Debug|Any CPU
		{0CC3B59B-526F-460B-ACDB-646D090A7AA6}.Debug|Any CPU.Build.0 = Debug|Any CPU
		{0CC3B59B-526F-460B-ACDB-646D090A7AA6}.Debug|x64.ActiveCfg = Debug|Any CPU
		{0CC3B59B-526F-460B-ACDB-646D090A7AA6}.Debug|x64.Build.0 = Debug|Any CPU
		{0CC3B59B-526F-460B-ACDB-646D090A7AA6}.Debug|x86.ActiveCfg = Debug|Any CPU
		{0CC3B59B-526F-460B-ACDB-646D090A7AA6}.Debug|x86.Build.0 = Debug|Any CPU
		{0CC3B59B-526F-460B-ACDB-646D090A7AA6}.Release|Any CPU.ActiveCfg = Release|Any CPU
		{0CC3B59B-526F-460B-ACDB-646D090A7AA6}.Release|Any CPU.Build.0 = Release|Any CPU
		{0CC3B59B-526F-460B-ACDB-646D090A7AA6}.Release|x64.ActiveCfg = Release|Any CPU
		{0CC3B59B-526F-460B-ACDB-646D090A7AA6}.Release|x64.Build.0 = Release|Any CPU
		{0CC3B59B-526F-460B-ACDB-646D090A7AA6}.Release|x86.ActiveCfg = Release|Any CPU
		{0CC3B59B-526F-460B-ACDB-646D090A7AA6}.Release|x86.Build.0 = Release|Any CPU
		{FB32AC05-8F11-4125-A111-CEAFD4312DD0}.Debug|Any CPU.ActiveCfg = Debug|Any CPU
		{FB32AC05-8F11-4125-A111-CEAFD4312DD0}.Debug|Any CPU.Build.0 = Debug|Any CPU
		{FB32AC05-8F11-4125-A111-CEAFD4312DD0}.Debug|x64.ActiveCfg = Debug|Any CPU
		{FB32AC05-8F11-4125-A111-CEAFD4312DD0}.Debug|x64.Build.0 = Debug|Any CPU
		{FB32AC05-8F11-4125-A111-CEAFD4312DD0}.Debug|x86.ActiveCfg = Debug|Any CPU
		{FB32AC05-8F11-4125-A111-CEAFD4312DD0}.Debug|x86.Build.0 = Debug|Any CPU
		{FB32AC05-8F11-4125-A111-CEAFD4312DD0}.Release|Any CPU.ActiveCfg = Release|Any CPU
		{FB32AC05-8F11-4125-A111-CEAFD4312DD0}.Release|Any CPU.Build.0 = Release|Any CPU
		{FB32AC05-8F11-4125-A111-CEAFD4312DD0}.Release|x64.ActiveCfg = Release|Any CPU
		{FB32AC05-8F11-4125-A111-CEAFD4312DD0}.Release|x64.Build.0 = Release|Any CPU
		{FB32AC05-8F11-4125-A111-CEAFD4312DD0}.Release|x86.ActiveCfg = Release|Any CPU
		{FB32AC05-8F11-4125-A111-CEAFD4312DD0}.Release|x86.Build.0 = Release|Any CPU
		{E471F96E-8386-4044-9A0E-C5FB03697FBE}.Debug|Any CPU.ActiveCfg = Debug|Any CPU
		{E471F96E-8386-4044-9A0E-C5FB03697FBE}.Debug|Any CPU.Build.0 = Debug|Any CPU
		{E471F96E-8386-4044-9A0E-C5FB03697FBE}.Debug|x64.ActiveCfg = Debug|Any CPU
		{E471F96E-8386-4044-9A0E-C5FB03697FBE}.Debug|x64.Build.0 = Debug|Any CPU
		{E471F96E-8386-4044-9A0E-C5FB03697FBE}.Debug|x86.ActiveCfg = Debug|Any CPU
		{E471F96E-8386-4044-9A0E-C5FB03697FBE}.Debug|x86.Build.0 = Debug|Any CPU
		{E471F96E-8386-4044-9A0E-C5FB03697FBE}.Release|Any CPU.ActiveCfg = Release|Any CPU
		{E471F96E-8386-4044-9A0E-C5FB03697FBE}.Release|Any CPU.Build.0 = Release|Any CPU
		{E471F96E-8386-4044-9A0E-C5FB03697FBE}.Release|x64.ActiveCfg = Release|Any CPU
		{E471F96E-8386-4044-9A0E-C5FB03697FBE}.Release|x64.Build.0 = Release|Any CPU
		{E471F96E-8386-4044-9A0E-C5FB03697FBE}.Release|x86.ActiveCfg = Release|Any CPU
		{E471F96E-8386-4044-9A0E-C5FB03697FBE}.Release|x86.Build.0 = Release|Any CPU
		{9C3BBE8B-770C-45CB-AF7D-14CC9246552A}.Debug|Any CPU.ActiveCfg = Debug|Any CPU
		{9C3BBE8B-770C-45CB-AF7D-14CC9246552A}.Debug|Any CPU.Build.0 = Debug|Any CPU
		{9C3BBE8B-770C-45CB-AF7D-14CC9246552A}.Debug|x64.ActiveCfg = Debug|Any CPU
		{9C3BBE8B-770C-45CB-AF7D-14CC9246552A}.Debug|x64.Build.0 = Debug|Any CPU
		{9C3BBE8B-770C-45CB-AF7D-14CC9246552A}.Debug|x86.ActiveCfg = Debug|Any CPU
		{9C3BBE8B-770C-45CB-AF7D-14CC9246552A}.Debug|x86.Build.0 = Debug|Any CPU
		{9C3BBE8B-770C-45CB-AF7D-14CC9246552A}.Release|Any CPU.ActiveCfg = Release|Any CPU
		{9C3BBE8B-770C-45CB-AF7D-14CC9246552A}.Release|Any CPU.Build.0 = Release|Any CPU
		{9C3BBE8B-770C-45CB-AF7D-14CC9246552A}.Release|x64.ActiveCfg = Release|Any CPU
		{9C3BBE8B-770C-45CB-AF7D-14CC9246552A}.Release|x64.Build.0 = Release|Any CPU
		{9C3BBE8B-770C-45CB-AF7D-14CC9246552A}.Release|x86.ActiveCfg = Release|Any CPU
		{9C3BBE8B-770C-45CB-AF7D-14CC9246552A}.Release|x86.Build.0 = Release|Any CPU
		{43166E5A-894A-45FB-AC3D-E7F5B76C596B}.Debug|Any CPU.ActiveCfg = Debug|Any CPU
		{43166E5A-894A-45FB-AC3D-E7F5B76C596B}.Debug|Any CPU.Build.0 = Debug|Any CPU
		{43166E5A-894A-45FB-AC3D-E7F5B76C596B}.Debug|x64.ActiveCfg = Debug|Any CPU
		{43166E5A-894A-45FB-AC3D-E7F5B76C596B}.Debug|x64.Build.0 = Debug|Any CPU
		{43166E5A-894A-45FB-AC3D-E7F5B76C596B}.Debug|x86.ActiveCfg = Debug|Any CPU
		{43166E5A-894A-45FB-AC3D-E7F5B76C596B}.Debug|x86.Build.0 = Debug|Any CPU
		{43166E5A-894A-45FB-AC3D-E7F5B76C596B}.Release|Any CPU.ActiveCfg = Release|Any CPU
		{43166E5A-894A-45FB-AC3D-E7F5B76C596B}.Release|Any CPU.Build.0 = Release|Any CPU
		{43166E5A-894A-45FB-AC3D-E7F5B76C596B}.Release|x64.ActiveCfg = Release|Any CPU
		{43166E5A-894A-45FB-AC3D-E7F5B76C596B}.Release|x64.Build.0 = Release|Any CPU
		{43166E5A-894A-45FB-AC3D-E7F5B76C596B}.Release|x86.ActiveCfg = Release|Any CPU
		{43166E5A-894A-45FB-AC3D-E7F5B76C596B}.Release|x86.Build.0 = Release|Any CPU
		{F54288E9-29D8-4E04-8D5A-71F781CCC3AE}.Debug|Any CPU.ActiveCfg = Debug|Any CPU
		{F54288E9-29D8-4E04-8D5A-71F781CCC3AE}.Debug|Any CPU.Build.0 = Debug|Any CPU
		{F54288E9-29D8-4E04-8D5A-71F781CCC3AE}.Debug|x64.ActiveCfg = Debug|Any CPU
		{F54288E9-29D8-4E04-8D5A-71F781CCC3AE}.Debug|x64.Build.0 = Debug|Any CPU
		{F54288E9-29D8-4E04-8D5A-71F781CCC3AE}.Debug|x86.ActiveCfg = Debug|Any CPU
		{F54288E9-29D8-4E04-8D5A-71F781CCC3AE}.Debug|x86.Build.0 = Debug|Any CPU
		{F54288E9-29D8-4E04-8D5A-71F781CCC3AE}.Release|Any CPU.ActiveCfg = Release|Any CPU
		{F54288E9-29D8-4E04-8D5A-71F781CCC3AE}.Release|Any CPU.Build.0 = Release|Any CPU
		{F54288E9-29D8-4E04-8D5A-71F781CCC3AE}.Release|x64.ActiveCfg = Release|Any CPU
		{F54288E9-29D8-4E04-8D5A-71F781CCC3AE}.Release|x64.Build.0 = Release|Any CPU
		{F54288E9-29D8-4E04-8D5A-71F781CCC3AE}.Release|x86.ActiveCfg = Release|Any CPU
		{F54288E9-29D8-4E04-8D5A-71F781CCC3AE}.Release|x86.Build.0 = Release|Any CPU
	EndGlobalSection
	GlobalSection(SolutionProperties) = preSolution
		HideSolutionNode = FALSE
	EndGlobalSection
	GlobalSection(NestedProjects) = preSolution
		{6601CAE5-7434-4D9B-BB14-2F9597D2461A} = {827E0CD3-B72D-47B6-A68D-7590B98EB39B}
		{4082C8E0-A610-4B83-AB35-9487DEDB3EF6} = {827E0CD3-B72D-47B6-A68D-7590B98EB39B}
		{B5CD72EC-1544-401C-8BAA-1CC179940565} = {827E0CD3-B72D-47B6-A68D-7590B98EB39B}
		{19D61E3F-127A-48AE-AF56-17FF4151CEFC} = {827E0CD3-B72D-47B6-A68D-7590B98EB39B}
		{5878D8E3-D880-4C38-9DD5-53C5E34A05AF} = {827E0CD3-B72D-47B6-A68D-7590B98EB39B}
		{D050B798-3D91-4150-AC6B-980F839A265E} = {827E0CD3-B72D-47B6-A68D-7590B98EB39B}
		{0CC3B59B-526F-460B-ACDB-646D090A7AA6} = {827E0CD3-B72D-47B6-A68D-7590B98EB39B}
		{FB32AC05-8F11-4125-A111-CEAFD4312DD0} = {827E0CD3-B72D-47B6-A68D-7590B98EB39B}
		{E471F96E-8386-4044-9A0E-C5FB03697FBE} = {B8C1A2D4-5E6F-4789-A012-3456789ABCDE}
		{9C3BBE8B-770C-45CB-AF7D-14CC9246552A} = {B8C1A2D4-5E6F-4789-A012-3456789ABCDE}
		{43166E5A-894A-45FB-AC3D-E7F5B76C596B} = {B8C1A2D4-5E6F-4789-A012-3456789ABCDE}
		{F54288E9-29D8-4E04-8D5A-71F781CCC3AE} = {B8C1A2D4-5E6F-4789-A012-3456789ABCDE}
	EndGlobalSection
EndGlobal
